
Microsoft Visual Studio Solution File, Format Version 12.00
# Visual Studio Version 16
VisualStudioVersion = 16.0.30114.105
MinimumVisualStudioVersion = 10.0.40219.1
Project("{2150E333-8FDC-42A3-9474-1A3956D46DE8}") = "src", "src", "{32B96A15-886A-48C0-8DE9-DF89778174B9}"
EndProject
Project("{FAE04EC0-301F-11D3-BF4B-00C04F79EFBC}") = "EventSourcing.Api", "src\EventSourcing.Api\EventSourcing.Api.csproj", "{DB538488-5ED4-4A26-9239-7AD77E05C336}"
EndProject
Project("{FAE04EC0-301F-11D3-BF4B-00C04F79EFBC}") = "EventSourcing.Services", "src\EventSourcing.Services\EventSourcing.Services.csproj", "{9423AA84-E1BA-41DF-9CCC-232B223C8658}"
EndProject
Global
	GlobalSection(SolutionConfigurationPlatforms) = preSolution
		Debug|Any CPU = Debug|Any CPU
		Release|Any CPU = Release|Any CPU
	EndGlobalSection
	GlobalSection(SolutionProperties) = preSolution
		HideSolutionNode = FALSE
	EndGlobalSection
	GlobalSection(ProjectConfigurationPlatforms) = postSolution
		{DB538488-5ED4-4A26-9239-7AD77E05C336}.Debug|Any CPU.ActiveCfg = Debug|Any CPU
		{DB538488-5ED4-4A26-9239-7AD77E05C336}.Debug|Any CPU.Build.0 = Debug|Any CPU
		{DB538488-5ED4-4A26-9239-7AD77E05C336}.Release|Any CPU.ActiveCfg = Release|Any CPU
		{DB538488-5ED4-4A26-9239-7AD77E05C336}.Release|Any CPU.Build.0 = Release|Any CPU
		{9423AA84-E1BA-41DF-9CCC-232B223C8658}.Debug|Any CPU.ActiveCfg = Debug|Any CPU
		{9423AA84-E1BA-41DF-9CCC-232B223C8658}.Debug|Any CPU.Build.0 = Debug|Any CPU
		{9423AA84-E1BA-41DF-9CCC-232B223C8658}.Release|Any CPU.ActiveCfg = Release|Any CPU
		{9423AA84-E1BA-41DF-9CCC-232B223C8658}.Release|Any CPU.Build.0 = Release|Any CPU
	EndGlobalSection
	GlobalSection(NestedProjects) = preSolution
		{DB538488-5ED4-4A26-9239-7AD77E05C336} = {32B96A15-886A-48C0-8DE9-DF89778174B9}
		{9423AA84-E1BA-41DF-9CCC-232B223C8658} = {32B96A15-886A-48C0-8DE9-DF89778174B9}
	EndGlobalSection
EndGlobal
